// !$*UTF8*$!
{
	archiveVersion = 1;
	classes = {
	};
	objectVersion = 46;
	objects = {

/* Begin PBXBuildFile section */
		CD7C9FAC1BE291EE0078F75B /* AppDelegate.swift in Sources */ = {isa = PBXBuildFile; fileRef = CD7C9FAB1BE291EE0078F75B /* AppDelegate.swift */; };
		CD7C9FAE1BE291EE0078F75B /* ViewController.swift in Sources */ = {isa = PBXBuildFile; fileRef = CD7C9FAD1BE291EE0078F75B /* ViewController.swift */; };
		CD7C9FB11BE291EE0078F75B /* Main.storyboard in Resources */ = {isa = PBXBuildFile; fileRef = CD7C9FAF1BE291EE0078F75B /* Main.storyboard */; };
		CD7C9FB31BE291EE0078F75B /* Assets.xcassets in Resources */ = {isa = PBXBuildFile; fileRef = CD7C9FB21BE291EE0078F75B /* Assets.xcassets */; };
		CD7C9FB61BE291EE0078F75B /* LaunchScreen.storyboard in Resources */ = {isa = PBXBuildFile; fileRef = CD7C9FB41BE291EE0078F75B /* LaunchScreen.storyboard */; };
		CD7C9FC11BE291EE0078F75B /* testOGVTests.swift in Sources */ = {isa = PBXBuildFile; fileRef = CD7C9FC01BE291EE0078F75B /* testOGVTests.swift */; };
		CD7C9FCC1BE291EE0078F75B /* testOGVUITests.swift in Sources */ = {isa = PBXBuildFile; fileRef = CD7C9FCB1BE291EE0078F75B /* testOGVUITests.swift */; };
/* End PBXBuildFile section */

/* Begin PBXContainerItemProxy section */
		CD7C9FBD1BE291EE0078F75B /* PBXContainerItemProxy */ = {
			isa = PBXContainerItemProxy;
			containerPortal = CD7C9FA01BE291EE0078F75B /* Project object */;
			proxyType = 1;
			remoteGlobalIDString = CD7C9FA71BE291EE0078F75B;
			remoteInfo = testOGV;
		};
		CD7C9FC81BE291EE0078F75B /* PBXContainerItemProxy */ = {
			isa = PBXContainerItemProxy;
			containerPortal = CD7C9FA01BE291EE0078F75B /* Project object */;
			proxyType = 1;
			remoteGlobalIDString = CD7C9FA71BE291EE0078F75B;
			remoteInfo = testOGV;
		};
/* End PBXContainerItemProxy section */

/* Begin PBXFileReference section */
		CD7C9FA81BE291EE0078F75B /* testOGV.app */ = {isa = PBXFileReference; explicitFileType = wrapper.application; includeInIndex = 0; path = testOGV.app; sourceTree = BUILT_PRODUCTS_DIR; };
		CD7C9FAB1BE291EE0078F75B /* AppDelegate.swift */ = {isa = PBXFileReference; lastKnownFileType = sourcecode.swift; path = AppDelegate.swift; sourceTree = "<group>"; };
		CD7C9FAD1BE291EE0078F75B /* ViewController.swift */ = {isa = PBXFileReference; lastKnownFileType = sourcecode.swift; path = ViewController.swift; sourceTree = "<group>"; };
		CD7C9FB01BE291EE0078F75B /* Base */ = {isa = PBXFileReference; lastKnownFileType = file.storyboard; name = Base; path = Base.lproj/Main.storyboard; sourceTree = "<group>"; };
		CD7C9FB21BE291EE0078F75B /* Assets.xcassets */ = {isa = PBXFileReference; lastKnownFileType = folder.assetcatalog; path = Assets.xcassets; sourceTree = "<group>"; };
		CD7C9FB51BE291EE0078F75B /* Base */ = {isa = PBXFileReference; lastKnownFileType = file.storyboard; name = Base; path = Base.lproj/LaunchScreen.storyboard; sourceTree = "<group>"; };
		CD7C9FB71BE291EE0078F75B /* Info.plist */ = {isa = PBXFileReference; lastKnownFileType = text.plist.xml; path = Info.plist; sourceTree = "<group>"; };
		CD7C9FBC1BE291EE0078F75B /* testOGVTests.xctest */ = {isa = PBXFileReference; explicitFileType = wrapper.cfbundle; includeInIndex = 0; path = testOGVTests.xctest; sourceTree = BUILT_PRODUCTS_DIR; };
		CD7C9FC01BE291EE0078F75B /* testOGVTests.swift */ = {isa = PBXFileReference; lastKnownFileType = sourcecode.swift; path = testOGVTests.swift; sourceTree = "<group>"; };
		CD7C9FC21BE291EE0078F75B /* Info.plist */ = {isa = PBXFileReference; lastKnownFileType = text.plist.xml; path = Info.plist; sourceTree = "<group>"; };
		CD7C9FC71BE291EE0078F75B /* testOGVUITests.xctest */ = {isa = PBXFileReference; explicitFileType = wrapper.cfbundle; includeInIndex = 0; path = testOGVUITests.xctest; sourceTree = BUILT_PRODUCTS_DIR; };
		CD7C9FCB1BE291EE0078F75B /* testOGVUITests.swift */ = {isa = PBXFileReference; lastKnownFileType = sourcecode.swift; path = testOGVUITests.swift; sourceTree = "<group>"; };
		CD7C9FCD1BE291EE0078F75B /* Info.plist */ = {isa = PBXFileReference; lastKnownFileType = text.plist.xml; path = Info.plist; sourceTree = "<group>"; };
/* End PBXFileReference section */

/* Begin PBXFrameworksBuildPhase section */
		CD7C9FA51BE291EE0078F75B /* Frameworks */ = {
			isa = PBXFrameworksBuildPhase;
			buildActionMask = 2147483647;
			files = (
			);
			runOnlyForDeploymentPostprocessing = 0;
		};
		CD7C9FB91BE291EE0078F75B /* Frameworks */ = {
			isa = PBXFrameworksBuildPhase;
			buildActionMask = 2147483647;
			files = (
			);
			runOnlyForDeploymentPostprocessing = 0;
		};
		CD7C9FC41BE291EE0078F75B /* Frameworks */ = {
			isa = PBXFrameworksBuildPhase;
			buildActionMask = 2147483647;
			files = (
			);
			runOnlyForDeploymentPostprocessing = 0;
		};
/* End PBXFrameworksBuildPhase section */

/* Begin PBXGroup section */
		CD7C9F9F1BE291EE0078F75B = {
			isa = PBXGroup;
			children = (
				CD7C9FAA1BE291EE0078F75B /* testOGV */,
				CD7C9FBF1BE291EE0078F75B /* testOGVTests */,
				CD7C9FCA1BE291EE0078F75B /* testOGVUITests */,
				CD7C9FA91BE291EE0078F75B /* Products */,
			);
			sourceTree = "<group>";
		};
		CD7C9FA91BE291EE0078F75B /* Products */ = {
			isa = PBXGroup;
			children = (
				CD7C9FA81BE291EE0078F75B /* testOGV.app */,
				CD7C9FBC1BE291EE0078F75B /* testOGVTests.xctest */,
				CD7C9FC71BE291EE0078F75B /* testOGVUITests.xctest */,
			);
			name = Products;
			sourceTree = "<group>";
		};
		CD7C9FAA1BE291EE0078F75B /* testOGV */ = {
			isa = PBXGroup;
			children = (
				CD7C9FAB1BE291EE0078F75B /* AppDelegate.swift */,
				CD7C9FAD1BE291EE0078F75B /* ViewController.swift */,
				CD7C9FAF1BE291EE0078F75B /* Main.storyboard */,
				CD7C9FB21BE291EE0078F75B /* Assets.xcassets */,
				CD7C9FB41BE291EE0078F75B /* LaunchScreen.storyboard */,
				CD7C9FB71BE291EE0078F75B /* Info.plist */,
			);
			path = testOGV;
			sourceTree = "<group>";
		};
		CD7C9FBF1BE291EE0078F75B /* testOGVTests */ = {
			isa = PBXGroup;
			children = (
				CD7C9FC01BE291EE0078F75B /* testOGVTests.swift */,
				CD7C9FC21BE291EE0078F75B /* Info.plist */,
			);
			path = testOGVTests;
			sourceTree = "<group>";
		};
		CD7C9FCA1BE291EE0078F75B /* testOGVUITests */ = {
			isa = PBXGroup;
			children = (
				CD7C9FCB1BE291EE0078F75B /* testOGVUITests.swift */,
				CD7C9FCD1BE291EE0078F75B /* Info.plist */,
			);
			path = testOGVUITests;
			sourceTree = "<group>";
		};
/* End PBXGroup section */

/* Begin PBXNativeTarget section */
		CD7C9FA71BE291EE0078F75B /* testOGV */ = {
			isa = PBXNativeTarget;
			buildConfigurationList = CD7C9FD01BE291EE0078F75B /* Build configuration list for PBXNativeTarget "testOGV" */;
			buildPhases = (
				CD7C9FA41BE291EE0078F75B /* Sources */,
				CD7C9FA51BE291EE0078F75B /* Frameworks */,
				CD7C9FA61BE291EE0078F75B /* Resources */,
			);
			buildRules = (
			);
			dependencies = (
			);
			name = testOGV;
			productName = testOGV;
			productReference = CD7C9FA81BE291EE0078F75B /* testOGV.app */;
			productType = "com.apple.product-type.application";
		};
		CD7C9FBB1BE291EE0078F75B /* testOGVTests */ = {
			isa = PBXNativeTarget;
			buildConfigurationList = CD7C9FD31BE291EE0078F75B /* Build configuration list for PBXNativeTarget "testOGVTests" */;
			buildPhases = (
				CD7C9FB81BE291EE0078F75B /* Sources */,
				CD7C9FB91BE291EE0078F75B /* Frameworks */,
				CD7C9FBA1BE291EE0078F75B /* Resources */,
			);
			buildRules = (
			);
			dependencies = (
				CD7C9FBE1BE291EE0078F75B /* PBXTargetDependency */,
			);
			name = testOGVTests;
			productName = testOGVTests;
			productReference = CD7C9FBC1BE291EE0078F75B /* testOGVTests.xctest */;
			productType = "com.apple.product-type.bundle.unit-test";
		};
		CD7C9FC61BE291EE0078F75B /* testOGVUITests */ = {
			isa = PBXNativeTarget;
			buildConfigurationList = CD7C9FD61BE291EE0078F75B /* Build configuration list for PBXNativeTarget "testOGVUITests" */;
			buildPhases = (
				CD7C9FC31BE291EE0078F75B /* Sources */,
				CD7C9FC41BE291EE0078F75B /* Frameworks */,
				CD7C9FC51BE291EE0078F75B /* Resources */,
			);
			buildRules = (
			);
			dependencies = (
				CD7C9FC91BE291EE0078F75B /* PBXTargetDependency */,
			);
			name = testOGVUITests;
			productName = testOGVUITests;
			productReference = CD7C9FC71BE291EE0078F75B /* testOGVUITests.xctest */;
			productType = "com.apple.product-type.bundle.ui-testing";
		};
/* End PBXNativeTarget section */

/* Begin PBXProject section */
		CD7C9FA01BE291EE0078F75B /* Project object */ = {
			isa = PBXProject;
			attributes = {
				LastSwiftUpdateCheck = 0710;
				LastUpgradeCheck = 0710;
				TargetAttributes = {
					CD7C9FA71BE291EE0078F75B = {
						CreatedOnToolsVersion = 7.1;
					};
					CD7C9FBB1BE291EE0078F75B = {
						CreatedOnToolsVersion = 7.1;
						TestTargetID = CD7C9FA71BE291EE0078F75B;
					};
					CD7C9FC61BE291EE0078F75B = {
						CreatedOnToolsVersion = 7.1;
						TestTargetID = CD7C9FA71BE291EE0078F75B;
					};
				};
			};
			buildConfigurationList = CD7C9FA31BE291EE0078F75B /* Build configuration list for PBXProject "testOGV" */;
			compatibilityVersion = "Xcode 3.2";
			developmentRegion = English;
			hasScannedForEncodings = 0;
			knownRegions = (
				en,
				Base,
			);
			mainGroup = CD7C9F9F1BE291EE0078F75B;
			productRefGroup = CD7C9FA91BE291EE0078F75B /* Products */;
			projectDirPath = "";
			projectRoot = "";
			targets = (
				CD7C9FA71BE291EE0078F75B /* testOGV */,
				CD7C9FBB1BE291EE0078F75B /* testOGVTests */,
				CD7C9FC61BE291EE0078F75B /* testOGVUITests */,
			);
		};
/* End PBXProject section */

/* Begin PBXResourcesBuildPhase section */
		CD7C9FA61BE291EE0078F75B /* Resources */ = {
			isa = PBXResourcesBuildPhase;
			buildActionMask = 2147483647;
			files = (
				CD7C9FB61BE291EE0078F75B /* LaunchScreen.storyboard in Resources */,
				CD7C9FB31BE291EE0078F75B /* Assets.xcassets in Resources */,
				CD7C9FB11BE291EE0078F75B /* Main.storyboard in Resources */,
			);
			runOnlyForDeploymentPostprocessing = 0;
		};
		CD7C9FBA1BE291EE0078F75B /* Resources */ = {
			isa = PBXResourcesBuildPhase;
			buildActionMask = 2147483647;
			files = (
			);
			runOnlyForDeploymentPostprocessing = 0;
		};
		CD7C9FC51BE291EE0078F75B /* Resources */ = {
			isa = PBXResourcesBuildPhase;
			buildActionMask = 2147483647;
			files = (
			);
			runOnlyForDeploymentPostprocessing = 0;
		};
/* End PBXResourcesBuildPhase section */

/* Begin PBXSourcesBuildPhase section */
		CD7C9FA41BE291EE0078F75B /* Sources */ = {
			isa = PBXSourcesBuildPhase;
			buildActionMask = 2147483647;
			files = (
				CD7C9FAE1BE291EE0078F75B /* ViewController.swift in Sources */,
				CD7C9FAC1BE291EE0078F75B /* AppDelegate.swift in Sources */,
			);
			runOnlyForDeploymentPostprocessing = 0;
		};
		CD7C9FB81BE291EE0078F75B /* Sources */ = {
			isa = PBXSourcesBuildPhase;
			buildActionMask = 2147483647;
			files = (
				CD7C9FC11BE291EE0078F75B /* testOGVTests.swift in Sources */,
			);
			runOnlyForDeploymentPostprocessing = 0;
		};
		CD7C9FC31BE291EE0078F75B /* Sources */ = {
			isa = PBXSourcesBuildPhase;
			buildActionMask = 2147483647;
			files = (
				CD7C9FCC1BE291EE0078F75B /* testOGVUITests.swift in Sources */,
			);
			runOnlyForDeploymentPostprocessing = 0;
		};
/* End PBXSourcesBuildPhase section */

/* Begin PBXTargetDependency section */
		CD7C9FBE1BE291EE0078F75B /* PBXTargetDependency */ = {
			isa = PBXTargetDependency;
			target = CD7C9FA71BE291EE0078F75B /* testOGV */;
			targetProxy = CD7C9FBD1BE291EE0078F75B /* PBXContainerItemProxy */;
		};
		CD7C9FC91BE291EE0078F75B /* PBXTargetDependency */ = {
			isa = PBXTargetDependency;
			target = CD7C9FA71BE291EE0078F75B /* testOGV */;
			targetProxy = CD7C9FC81BE291EE0078F75B /* PBXContainerItemProxy */;
		};
/* End PBXTargetDependency section */

/* Begin PBXVariantGroup section */
		CD7C9FAF1BE291EE0078F75B /* Main.storyboard */ = {
			isa = PBXVariantGroup;
			children = (
				CD7C9FB01BE291EE0078F75B /* Base */,
			);
			name = Main.storyboard;
			sourceTree = "<group>";
		};
		CD7C9FB41BE291EE0078F75B /* LaunchScreen.storyboard */ = {
			isa = PBXVariantGroup;
			children = (
				CD7C9FB51BE291EE0078F75B /* Base */,
			);
			name = LaunchScreen.storyboard;
			sourceTree = "<group>";
		};
/* End PBXVariantGroup section */

/* Begin XCBuildConfiguration section */
		CD7C9FCE1BE291EE0078F75B /* Debug */ = {
			isa = XCBuildConfiguration;
			buildSettings = {
				ALWAYS_SEARCH_USER_PATHS = NO;
				CLANG_CXX_LANGUAGE_STANDARD = "gnu++0x";
				CLANG_CXX_LIBRARY = "libc++";
				CLANG_ENABLE_MODULES = YES;
				CLANG_ENABLE_OBJC_ARC = YES;
				CLANG_WARN_BOOL_CONVERSION = YES;
				CLANG_WARN_CONSTANT_CONVERSION = YES;
				CLANG_WARN_DIRECT_OBJC_ISA_USAGE = YES_ERROR;
				CLANG_WARN_EMPTY_BODY = YES;
				CLANG_WARN_ENUM_CONVERSION = YES;
				CLANG_WARN_INT_CONVERSION = YES;
				CLANG_WARN_OBJC_ROOT_CLASS = YES_ERROR;
				CLANG_WARN_UNREACHABLE_CODE = YES;
				CLANG_WARN__DUPLICATE_METHOD_MATCH = YES;
				"CODE_SIGN_IDENTITY[sdk=iphoneos*]" = "iPhone Developer";
				COPY_PHASE_STRIP = NO;
				DEBUG_INFORMATION_FORMAT = dwarf;
				ENABLE_STRICT_OBJC_MSGSEND = YES;
				ENABLE_TESTABILITY = YES;
				GCC_C_LANGUAGE_STANDARD = gnu99;
				GCC_DYNAMIC_NO_PIC = NO;
				GCC_NO_COMMON_BLOCKS = YES;
				GCC_OPTIMIZATION_LEVEL = 0;
				GCC_PREPROCESSOR_DEFINITIONS = (
					"DEBUG=1",
					"$(inherited)",
				);
				GCC_WARN_64_TO_32_BIT_CONVERSION = YES;
				GCC_WARN_ABOUT_RETURN_TYPE = YES_ERROR;
				GCC_WARN_UNDECLARED_SELECTOR = YES;
				GCC_WARN_UNINITIALIZED_AUTOS = YES_AGGRESSIVE;
				GCC_WARN_UNUSED_FUNCTION = YES;
				GCC_WARN_UNUSED_VARIABLE = YES;
				IPHONEOS_DEPLOYMENT_TARGET = 9.1;
				MTL_ENABLE_DEBUG_INFO = YES;
				ONLY_ACTIVE_ARCH = YES;
				SDKROOT = iphoneos;
				SWIFT_OPTIMIZATION_LEVEL = "-Onone";
			};
			name = Debug;
		};
		CD7C9FCF1BE291EE0078F75B /* Release */ = {
			isa = XCBuildConfiguration;
			buildSettings = {
				ALWAYS_SEARCH_USER_PATHS = NO;
				CLANG_CXX_LANGUAGE_STANDARD = "gnu++0x";
				CLANG_CXX_LIBRARY = "libc++";
				CLANG_ENABLE_MODULES = YES;
				CLANG_ENABLE_OBJC_ARC = YES;
				CLANG_WARN_BOOL_CONVERSION = YES;
				CLANG_WARN_CONSTANT_CONVERSION = YES;
				CLANG_WARN_DIRECT_OBJC_ISA_USAGE = YES_ERROR;
				CLANG_WARN_EMPTY_BODY = YES;
				CLANG_WARN_ENUM_CONVERSION = YES;
				CLANG_WARN_INT_CONVERSION = YES;
				CLANG_WARN_OBJC_ROOT_CLASS = YES_ERROR;
				CLANG_WARN_UNREACHABLE_CODE = YES;
				CLANG_WARN__DUPLICATE_METHOD_MATCH = YES;
				"CODE_SIGN_IDENTITY[sdk=iphoneos*]" = "iPhone Developer";
				COPY_PHASE_STRIP = NO;
				DEBUG_INFORMATION_FORMAT = "dwarf-with-dsym";
				ENABLE_NS_ASSERTIONS = NO;
				ENABLE_STRICT_OBJC_MSGSEND = YES;
				GCC_C_LANGUAGE_STANDARD = gnu99;
				GCC_NO_COMMON_BLOCKS = YES;
				GCC_WARN_64_TO_32_BIT_CONVERSION = YES;
				GCC_WARN_ABOUT_RETURN_TYPE = YES_ERROR;
				GCC_WARN_UNDECLARED_SELECTOR = YES;
				GCC_WARN_UNINITIALIZED_AUTOS = YES_AGGRESSIVE;
				GCC_WARN_UNUSED_FUNCTION = YES;
				GCC_WARN_UNUSED_VARIABLE = YES;
				IPHONEOS_DEPLOYMENT_TARGET = 9.1;
				MTL_ENABLE_DEBUG_INFO = NO;
				SDKROOT = iphoneos;
				VALIDATE_PRODUCT = YES;
			};
			name = Release;
		};
		CD7C9FD11BE291EE0078F75B /* Debug */ = {
			isa = XCBuildConfiguration;
			buildSettings = {
				ASSETCATALOG_COMPILER_APPICON_NAME = AppIcon;
				INFOPLIST_FILE = testOGV/Info.plist;
				LD_RUNPATH_SEARCH_PATHS = "$(inherited) @executable_path/Frameworks";
				PRODUCT_BUNDLE_IDENTIFIER = com.shirokova.testOGV;
				PRODUCT_NAME = "$(TARGET_NAME)";
			};
			name = Debug;
		};
		CD7C9FD21BE291EE0078F75B /* Release */ = {
			isa = XCBuildConfiguration;
			buildSettings = {
				ASSETCATALOG_COMPILER_APPICON_NAME = AppIcon;
				INFOPLIST_FILE = testOGV/Info.plist;
				LD_RUNPATH_SEARCH_PATHS = "$(inherited) @executable_path/Frameworks";
				PRODUCT_BUNDLE_IDENTIFIER = com.shirokova.testOGV;
				PRODUCT_NAME = "$(TARGET_NAME)";
			};
			name = Release;
		};
		CD7C9FD41BE291EE0078F75B /* Debug */ = {
			isa = XCBuildConfiguration;
			buildSettings = {
				BUNDLE_LOADER = "$(TEST_HOST)";
				INFOPLIST_FILE = testOGVTests/Info.plist;
				LD_RUNPATH_SEARCH_PATHS = "$(inherited) @executable_path/Frameworks @loader_path/Frameworks";
				PRODUCT_BUNDLE_IDENTIFIER = com.shirokova.testOGVTests;
				PRODUCT_NAME = "$(TARGET_NAME)";
				TEST_HOST = "$(BUILT_PRODUCTS_DIR)/testOGV.app/testOGV";
			};
			name = Debug;
		};
		CD7C9FD51BE291EE0078F75B /* Release */ = {
			isa = XCBuildConfiguration;
			buildSettings = {
				BUNDLE_LOADER = "$(TEST_HOST)";
				INFOPLIST_FILE = testOGVTests/Info.plist;
				LD_RUNPATH_SEARCH_PATHS = "$(inherited) @executable_path/Frameworks @loader_path/Frameworks";
				PRODUCT_BUNDLE_IDENTIFIER = com.shirokova.testOGVTests;
				PRODUCT_NAME = "$(TARGET_NAME)";
				TEST_HOST = "$(BUILT_PRODUCTS_DIR)/testOGV.app/testOGV";
			};
			name = Release;
		};
		CD7C9FD71BE291EE0078F75B /* Debug */ = {
			isa = XCBuildConfiguration;
			buildSettings = {
				INFOPLIST_FILE = testOGVUITests/Info.plist;
				LD_RUNPATH_SEARCH_PATHS = "$(inherited) @executable_path/Frameworks @loader_path/Frameworks";
				PRODUCT_BUNDLE_IDENTIFIER = com.shirokova.testOGVUITests;
				PRODUCT_NAME = "$(TARGET_NAME)";
				TEST_TARGET_NAME = testOGV;
				USES_XCTRUNNER = YES;
			};
			name = Debug;
		};
		CD7C9FD81BE291EE0078F75B /* Release */ = {
			isa = XCBuildConfiguration;
			buildSettings = {
				INFOPLIST_FILE = testOGVUITests/Info.plist;
				LD_RUNPATH_SEARCH_PATHS = "$(inherited) @executable_path/Frameworks @loader_path/Frameworks";
				PRODUCT_BUNDLE_IDENTIFIER = com.shirokova.testOGVUITests;
				PRODUCT_NAME = "$(TARGET_NAME)";
				TEST_TARGET_NAME = testOGV;
				USES_XCTRUNNER = YES;
			};
			name = Release;
		};
/* End XCBuildConfiguration section */

/* Begin XCConfigurationList section */
		CD7C9FA31BE291EE0078F75B /* Build configuration list for PBXProject "testOGV" */ = {
			isa = XCConfigurationList;
			buildConfigurations = (
				CD7C9FCE1BE291EE0078F75B /* Debug */,
				CD7C9FCF1BE291EE0078F75B /* Release */,
			);
			defaultConfigurationIsVisible = 0;
			defaultConfigurationName = Release;
		};
		CD7C9FD01BE291EE0078F75B /* Build configuration list for PBXNativeTarget "testOGV" */ = {
			isa = XCConfigurationList;
			buildConfigurations = (
				CD7C9FD11BE291EE0078F75B /* Debug */,
				CD7C9FD21BE291EE0078F75B /* Release */,
			);
			defaultConfigurationIsVisible = 0;
		};
		CD7C9FD31BE291EE0078F75B /* Build configuration list for PBXNativeTarget "testOGVTests" */ = {
			isa = XCConfigurationList;
			buildConfigurations = (
				CD7C9FD41BE291EE0078F75B /* Debug */,
				CD7C9FD51BE291EE0078F75B /* Release */,
			);
			defaultConfigurationIsVisible = 0;
		};
		CD7C9FD61BE291EE0078F75B /* Build configuration list for PBXNativeTarget "testOGVUITests" */ = {
			isa = XCConfigurationList;
			buildConfigurations = (
				CD7C9FD71BE291EE0078F75B /* Debug */,
				CD7C9FD81BE291EE0078F75B /* Release */,
			);
			defaultConfigurationIsVisible = 0;
		};
/* End XCConfigurationList section */
	};
	rootObject = CD7C9FA01BE291EE0078F75B /* Project object */;
}
