PODS:
  - Alamofire (3.1.0)
  - libnestegg (0.1)
  - libogg (1.3.2)
  - liboggz (1.1.1):
    - libogg (>= 1.0)
  - libtheora (1.1.1):
    - libogg (>= 1.1)
  - libvorbis (1.3.5):
    - libogg (>= 1.0)
  - libvpx (1.4.0-snapshot-20151029-shared)
  - OGVKit (0.4):
    - OGVKit/libskeleton (= 0.4)
    - OGVKit/Ogg (= 0.4)
    - OGVKit/OggDemuxer (= 0.4)
    - OGVKit/TheoraDecoder (= 0.4)
    - OGVKit/VorbisDecoder (= 0.4)
    - OGVKit/VP8Decoder (= 0.4)
    - OGVKit/WebM (= 0.4)
    - OGVKit/WebMDemuxer (= 0.4)
  - OGVKit/libskeleton (0.4):
    - libogg
  - OGVKit/Ogg (0.4):
    - OGVKit/Ogg/Theora (= 0.4)
    - OGVKit/Ogg/Vorbis (= 0.4)
  - OGVKit/Ogg/Theora (0.4):
    - OGVKit/OggDemuxer
    - OGVKit/TheoraDecoder
    - OGVKit/VorbisDecoder
  - OGVKit/Ogg/Vorbis (0.4):
    - OGVKit/OggDemuxer
    - OGVKit/VorbisDecoder
  - OGVKit/OggDemuxer (0.4):
    - liboggz
    - OGVKit/libskeleton
  - OGVKit/TheoraDecoder (0.4):
    - libtheora
  - OGVKit/VorbisDecoder (0.4):
    - libvorbis
  - OGVKit/VP8Decoder (0.4):
    - libvpx (~> 1.4.0-snapshot-20150619)
  - OGVKit/WebM (0.4):
    - OGVKit/WebM/Vorbis (= 0.4)
    - OGVKit/WebM/VP8 (= 0.4)
  - OGVKit/WebM/Vorbis (0.4):
    - OGVKit/VorbisDecoder
    - OGVKit/WebMDemuxer
  - OGVKit/WebM/VP8 (0.4):
    - OGVKit/VorbisDecoder
    - OGVKit/VP8Decoder
    - OGVKit/WebMDemuxer
  - OGVKit/WebMDemuxer (0.4):
    - libnestegg

DEPENDENCIES:
  - Alamofire
  - OGVKit

SPEC CHECKSUMS:
  Alamofire: 415bd7f56197722978759078486689f7ef913dce
  libnestegg: 82b3abaa9b4eddd212565ffa17e4d58505a01754
  libogg: b4c3001a8e3f94e8281b64253820677be62f605a
  liboggz: 9968dab6a7e035115c63985a11e2b2af9cb1ad1f
  libtheora: 263de263270a195aac6f46192294948a6554a2e5
  libvorbis: 6d30a5fb7e00d3a9fe7e828b7fd7db6a8c20c8c7
  libvpx: 6c2e69653672033f2cffb99981768f028d16a243
  OGVKit: d8fd3831594f99a39d51f9c417593338c28a8b6f

COCOAPODS: 0.39.0
