PODS:
  - Alamofire (3.1.0)
  - libnestegg (0.1)
  - libogg (1.3.2)
  - liboggz (1.1.1):
    - libogg (>= 1.0)
  - libtheora (1.1.1):
    - libogg (>= 1.1)
  - libvorbis (1.3.5):
    - libogg (>= 1.0)
  - libvpx (1.4.0-snapshot-20151029-shared-xcode71c)
  - OGVKit (0.5pre):
    - OGVKit/libskeleton (= 0.5pre)
    - OGVKit/Ogg (= 0.5pre)
    - OGVKit/OggDemuxer (= 0.5pre)
    - OGVKit/TheoraDecoder (= 0.5pre)
    - OGVKit/VorbisDecoder (= 0.5pre)
    - OGVKit/VP8Decoder (= 0.5pre)
    - OGVKit/WebM (= 0.5pre)
    - OGVKit/WebMDemuxer (= 0.5pre)
  - OGVKit/libskeleton (0.5pre):
    - libogg
  - OGVKit/Ogg (0.5pre):
    - OGVKit/Ogg/Theora (= 0.5pre)
    - OGVKit/Ogg/Vorbis (= 0.5pre)
  - OGVKit/Ogg/Theora (0.5pre):
    - OGVKit/OggDemuxer
    - OGVKit/TheoraDecoder
    - OGVKit/VorbisDecoder
  - OGVKit/Ogg/Vorbis (0.5pre):
    - OGVKit/OggDemuxer
    - OGVKit/VorbisDecoder
  - OGVKit/OggDemuxer (0.5pre):
    - liboggz
    - OGVKit/libskeleton (~> 0.4)
  - OGVKit/TheoraDecoder (0.5pre):
    - libtheora
  - OGVKit/VorbisDecoder (0.5pre):
    - libvorbis
  - OGVKit/VP8Decoder (0.5pre):
    - libvpx (~> 1.4.0-snapshot-20151029-shared-xcode71c)
  - OGVKit/WebM (0.5pre):
    - OGVKit/WebM/Vorbis (= 0.5pre)
    - OGVKit/WebM/VP8 (= 0.5pre)
  - OGVKit/WebM/Vorbis (0.5pre):
    - OGVKit/VorbisDecoder
    - OGVKit/WebMDemuxer
  - OGVKit/WebM/VP8 (0.5pre):
    - OGVKit/VorbisDecoder
    - OGVKit/VP8Decoder
    - OGVKit/WebMDemuxer
  - OGVKit/WebMDemuxer (0.5pre):
    - libnestegg

DEPENDENCIES:
  - Alamofire
  - OGVKit (~> 0.5pre)

SPEC CHECKSUMS:
  Alamofire: 415bd7f56197722978759078486689f7ef913dce
  libnestegg: 29be3e4d84978423ab8a282476c099aa221d1c4e
  libogg: 328a22544de4c48572bfc850b5390da2103c6b14
  liboggz: 6605f8cd394de0fe330957507179f6bdcce716d1
  libtheora: cf6fb3c5c0db661460d0d54d0a343bc38dc766d3
  libvorbis: 2064220c7478d79e1ea8ca83e18dd798783edbce
  libvpx: c5383c891d738d44c302861e183960c8f13efd3c
  OGVKit: d1407351ea8ab494eb5acf4a61ee26751af0763b

COCOAPODS: 0.39.0
